
Microsoft Visual Studio Solution File, Format Version 12.00
# Visual Studio Version 17
VisualStudioVersion = 17.5.002.0
MinimumVisualStudioVersion = 10.0.40219.1
Project("{9A19103F-16F7-4668-BE54-9A1E7A4F7556}") = "DiscordConnector", "DiscordConnector\DiscordConnector.csproj", "{0BE9883E-E3C9-43D7-AB8F-BC106762DA5C}"
EndProject
Global
	GlobalSection(SolutionConfigurationPlatforms) = preSolution
		Debug|Any CPU = Debug|Any CPU
		Release|Any CPU = Release|Any CPU
	EndGlobalSection
	GlobalSection(ProjectConfigurationPlatforms) = postSolution
		{0BE9883E-E3C9-43D7-AB8F-BC106762DA5C}.Debug|Any CPU.ActiveCfg = Debug|Any CPU
		{0BE9883E-E3C9-43D7-AB8F-BC106762DA5C}.Debug|Any CPU.Build.0 = Debug|Any CPU
		{0BE9883E-E3C9-43D7-AB8F-BC106762DA5C}.Release|Any CPU.ActiveCfg = Release|Any CPU
		{0BE9883E-E3C9-43D7-AB8F-BC106762DA5C}.Release|Any CPU.Build.0 = Release|Any CPU
	EndGlobalSection
	GlobalSection(SolutionProperties) = preSolution
		HideSolutionNode = FALSE
	EndGlobalSection
	GlobalSection(ExtensibilityGlobals) = postSolution
		SolutionGuid = {287C08F0-4F3E-4CDD-A4C9-03808507DC27}
	EndGlobalSection
EndGlobal
